// !$*UTF8*$!
{
	archiveVersion = 1;
	classes = {
	};
	objectVersion = 46;
	objects = {

/* Begin PBXBuildFile section */
		A8BD24EC195A1C5B00D9018D /* Foundation.framework in Frameworks */ = {isa = PBXBuildFile; fileRef = A8BD24EB195A1C5B00D9018D /* Foundation.framework */; };
		A8BD24EE195A1C5B00D9018D /* CoreGraphics.framework in Frameworks */ = {isa = PBXBuildFile; fileRef = A8BD24ED195A1C5B00D9018D /* CoreGraphics.framework */; };
		A8BD24F0195A1C5B00D9018D /* UIKit.framework in Frameworks */ = {isa = PBXBuildFile; fileRef = A8BD24EF195A1C5B00D9018D /* UIKit.framework */; };
		A8BD24F6195A1C5B00D9018D /* InfoPlist.strings in Resources */ = {isa = PBXBuildFile; fileRef = A8BD24F4195A1C5B00D9018D /* InfoPlist.strings */; };
		A8BD24F8195A1C5B00D9018D /* main.m in Sources */ = {isa = PBXBuildFile; fileRef = A8BD24F7195A1C5B00D9018D /* main.m */; settings = {COMPILER_FLAGS = "-fno-objc-arc"; }; };
		A8BD24FC195A1C5B00D9018D /* UFAppDelegate.m in Sources */ = {isa = PBXBuildFile; fileRef = A8BD24FB195A1C5B00D9018D /* UFAppDelegate.m */; };
		A8BD24FF195A1C5B00D9018D /* Main.storyboard in Resources */ = {isa = PBXBuildFile; fileRef = A8BD24FD195A1C5B00D9018D /* Main.storyboard */; };
		A8BD2502195A1C5B00D9018D /* UFViewController.m in Sources */ = {isa = PBXBuildFile; fileRef = A8BD2501195A1C5B00D9018D /* UFViewController.m */; };
		A8BD2504195A1C5B00D9018D /* Images.xcassets in Resources */ = {isa = PBXBuildFile; fileRef = A8BD2503195A1C5B00D9018D /* Images.xcassets */; };
		A8BD250B195A1C5C00D9018D /* XCTest.framework in Frameworks */ = {isa = PBXBuildFile; fileRef = A8BD250A195A1C5C00D9018D /* XCTest.framework */; };
		A8BD250C195A1C5C00D9018D /* Foundation.framework in Frameworks */ = {isa = PBXBuildFile; fileRef = A8BD24EB195A1C5B00D9018D /* Foundation.framework */; };
		A8BD250D195A1C5C00D9018D /* UIKit.framework in Frameworks */ = {isa = PBXBuildFile; fileRef = A8BD24EF195A1C5B00D9018D /* UIKit.framework */; };
		A8BD2515195A1C5C00D9018D /* InfoPlist.strings in Resources */ = {isa = PBXBuildFile; fileRef = A8BD2513195A1C5C00D9018D /* InfoPlist.strings */; };
		A8BD2517195A1C5C00D9018D /* UF_ParkingTests.m in Sources */ = {isa = PBXBuildFile; fileRef = A8BD2516195A1C5C00D9018D /* UF_ParkingTests.m */; };
		A8BD2521195A1C9700D9018D /* MapKit.framework in Frameworks */ = {isa = PBXBuildFile; fileRef = A8BD2520195A1C9700D9018D /* MapKit.framework */; };
		A8BD2524195A1DBC00D9018D /* UFDecalTableViewController.m in Sources */ = {isa = PBXBuildFile; fileRef = A8BD2523195A1DBC00D9018D /* UFDecalTableViewController.m */; };
		A8BD2527195A1E7200D9018D /* UFKMLData.m in Sources */ = {isa = PBXBuildFile; fileRef = A8BD2526195A1E7200D9018D /* UFKMLData.m */; };
		A8BD252A195A1EFA00D9018D /* UFKMLObject.m in Sources */ = {isa = PBXBuildFile; fileRef = A8BD2529195A1EFA00D9018D /* UFKMLObject.m */; };
		A8BD252D195A1FA300D9018D /* UFKMLParser.m in Sources */ = {isa = PBXBuildFile; fileRef = A8BD252C195A1FA300D9018D /* UFKMLParser.m */; settings = {COMPILER_FLAGS = "-fno-objc-arc"; }; };
		A8BE08AE195B34EB00D321B2 /* allDecal.kml in Resources */ = {isa = PBXBuildFile; fileRef = A8BE089F195B34EA00D321B2 /* allDecal.kml */; };
		A8BE08AF195B34EB00D321B2 /* allNPR.kml in Resources */ = {isa = PBXBuildFile; fileRef = A8BE08A0195B34EA00D321B2 /* allNPR.kml */; };
		A8BE08B0195B34EB00D321B2 /* allRed.kml in Resources */ = {isa = PBXBuildFile; fileRef = A8BE08A1195B34EA00D321B2 /* allRed.kml */; };
		A8BE08B1195B34EB00D321B2 /* blue.kml in Resources */ = {isa = PBXBuildFile; fileRef = A8BE08A2195B34EA00D321B2 /* blue.kml */; };
		A8BE08B2195B34EB00D321B2 /* commuter.kml in Resources */ = {isa = PBXBuildFile; fileRef = A8BE08A3195B34EA00D321B2 /* commuter.kml */; };
		A8BE08B3195B34EB00D321B2 /* disabled.kml in Resources */ = {isa = PBXBuildFile; fileRef = A8BE08A4195B34EA00D321B2 /* disabled.kml */; };
		A8BE08B4195B34EB00D321B2 /* gated.kml in Resources */ = {isa = PBXBuildFile; fileRef = A8BE08A5195B34EA00D321B2 /* gated.kml */; };
		A8BE08B5195B34EB00D321B2 /* medRes.kml in Resources */ = {isa = PBXBuildFile; fileRef = A8BE08A6195B34EA00D321B2 /* medRes.kml */; };
		A8BE08B6195B34EB00D321B2 /* meters.kml in Resources */ = {isa = PBXBuildFile; fileRef = A8BE08A7195B34EA00D321B2 /* meters.kml */; };
		A8BE08B7195B34EB00D321B2 /* orange.kml in Resources */ = {isa = PBXBuildFile; fileRef = A8BE08A8195B34EA00D321B2 /* orange.kml */; };
		A8BE08B8195B34EB00D321B2 /* red1.kml in Resources */ = {isa = PBXBuildFile; fileRef = A8BE08A9195B34EB00D321B2 /* red1.kml */; };
		A8BE08B9195B34EB00D321B2 /* scooter.kml in Resources */ = {isa = PBXBuildFile; fileRef = A8BE08AA195B34EB00D321B2 /* scooter.kml */; };
		A8BE08BA195B34EB00D321B2 /* sD.kml in Resources */ = {isa = PBXBuildFile; fileRef = A8BE08AB195B34EB00D321B2 /* sD.kml */; };
		A8BE08BB195B34EB00D321B2 /* state.kml in Resources */ = {isa = PBXBuildFile; fileRef = A8BE08AC195B34EB00D321B2 /* state.kml */; };
		A8BE08BC195B34EB00D321B2 /* visitor.kml in Resources */ = {isa = PBXBuildFile; fileRef = A8BE08AD195B34EB00D321B2 /* visitor.kml */; };
/* End PBXBuildFile section */

/* Begin PBXContainerItemProxy section */
		A8BD250E195A1C5C00D9018D /* PBXContainerItemProxy */ = {
			isa = PBXContainerItemProxy;
			containerPortal = A8BD24E0195A1C5B00D9018D /* Project object */;
			proxyType = 1;
			remoteGlobalIDString = A8BD24E7195A1C5B00D9018D;
			remoteInfo = "UF Parking";
		};
/* End PBXContainerItemProxy section */

/* Begin PBXFileReference section */
		A8BD24E8195A1C5B00D9018D /* UF Parking.app */ = {isa = PBXFileReference; explicitFileType = wrapper.application; includeInIndex = 0; path = "UF Parking.app"; sourceTree = BUILT_PRODUCTS_DIR; };
		A8BD24EB195A1C5B00D9018D /* Foundation.framework */ = {isa = PBXFileReference; lastKnownFileType = wrapper.framework; name = Foundation.framework; path = System/Library/Frameworks/Foundation.framework; sourceTree = SDKROOT; };
		A8BD24ED195A1C5B00D9018D /* CoreGraphics.framework */ = {isa = PBXFileReference; lastKnownFileType = wrapper.framework; name = CoreGraphics.framework; path = System/Library/Frameworks/CoreGraphics.framework; sourceTree = SDKROOT; };
		A8BD24EF195A1C5B00D9018D /* UIKit.framework */ = {isa = PBXFileReference; lastKnownFileType = wrapper.framework; name = UIKit.framework; path = System/Library/Frameworks/UIKit.framework; sourceTree = SDKROOT; };
		A8BD24F3195A1C5B00D9018D /* UF Parking-Info.plist */ = {isa = PBXFileReference; lastKnownFileType = text.plist.xml; path = "UF Parking-Info.plist"; sourceTree = "<group>"; };
		A8BD24F5195A1C5B00D9018D /* en */ = {isa = PBXFileReference; lastKnownFileType = text.plist.strings; name = en; path = en.lproj/InfoPlist.strings; sourceTree = "<group>"; };
		A8BD24F7195A1C5B00D9018D /* main.m */ = {isa = PBXFileReference; lastKnownFileType = sourcecode.c.objc; path = main.m; sourceTree = "<group>"; };
		A8BD24F9195A1C5B00D9018D /* UF Parking-Prefix.pch */ = {isa = PBXFileReference; lastKnownFileType = sourcecode.c.h; path = "UF Parking-Prefix.pch"; sourceTree = "<group>"; };
		A8BD24FA195A1C5B00D9018D /* UFAppDelegate.h */ = {isa = PBXFileReference; lastKnownFileType = sourcecode.c.h; path = UFAppDelegate.h; sourceTree = "<group>"; };
		A8BD24FB195A1C5B00D9018D /* UFAppDelegate.m */ = {isa = PBXFileReference; lastKnownFileType = sourcecode.c.objc; path = UFAppDelegate.m; sourceTree = "<group>"; };
		A8BD24FE195A1C5B00D9018D /* Base */ = {isa = PBXFileReference; lastKnownFileType = file.storyboard; name = Base; path = Base.lproj/Main.storyboard; sourceTree = "<group>"; };
		A8BD2500195A1C5B00D9018D /* UFViewController.h */ = {isa = PBXFileReference; lastKnownFileType = sourcecode.c.h; path = UFViewController.h; sourceTree = "<group>"; };
		A8BD2501195A1C5B00D9018D /* UFViewController.m */ = {isa = PBXFileReference; lastKnownFileType = sourcecode.c.objc; path = UFViewController.m; sourceTree = "<group>"; };
		A8BD2503195A1C5B00D9018D /* Images.xcassets */ = {isa = PBXFileReference; lastKnownFileType = folder.assetcatalog; path = Images.xcassets; sourceTree = "<group>"; };
		A8BD2509195A1C5C00D9018D /* UF ParkingTests.xctest */ = {isa = PBXFileReference; explicitFileType = wrapper.cfbundle; includeInIndex = 0; path = "UF ParkingTests.xctest"; sourceTree = BUILT_PRODUCTS_DIR; };
		A8BD250A195A1C5C00D9018D /* XCTest.framework */ = {isa = PBXFileReference; lastKnownFileType = wrapper.framework; name = XCTest.framework; path = Library/Frameworks/XCTest.framework; sourceTree = DEVELOPER_DIR; };
		A8BD2512195A1C5C00D9018D /* UF ParkingTests-Info.plist */ = {isa = PBXFileReference; lastKnownFileType = text.plist.xml; path = "UF ParkingTests-Info.plist"; sourceTree = "<group>"; };
		A8BD2514195A1C5C00D9018D /* en */ = {isa = PBXFileReference; lastKnownFileType = text.plist.strings; name = en; path = en.lproj/InfoPlist.strings; sourceTree = "<group>"; };
		A8BD2516195A1C5C00D9018D /* UF_ParkingTests.m */ = {isa = PBXFileReference; lastKnownFileType = sourcecode.c.objc; path = UF_ParkingTests.m; sourceTree = "<group>"; };
		A8BD2520195A1C9700D9018D /* MapKit.framework */ = {isa = PBXFileReference; lastKnownFileType = wrapper.framework; name = MapKit.framework; path = System/Library/Frameworks/MapKit.framework; sourceTree = SDKROOT; };
		A8BD2522195A1DBC00D9018D /* UFDecalTableViewController.h */ = {isa = PBXFileReference; fileEncoding = 4; lastKnownFileType = sourcecode.c.h; name = UFDecalTableViewController.h; path = ../UFDecalTableViewController.h; sourceTree = "<group>"; };
		A8BD2523195A1DBC00D9018D /* UFDecalTableViewController.m */ = {isa = PBXFileReference; fileEncoding = 4; lastKnownFileType = sourcecode.c.objc; name = UFDecalTableViewController.m; path = ../UFDecalTableViewController.m; sourceTree = "<group>"; };
		A8BD2525195A1E7200D9018D /* UFKMLData.h */ = {isa = PBXFileReference; fileEncoding = 4; lastKnownFileType = sourcecode.c.h; path = UFKMLData.h; sourceTree = "<group>"; };
		A8BD2526195A1E7200D9018D /* UFKMLData.m */ = {isa = PBXFileReference; fileEncoding = 4; lastKnownFileType = sourcecode.c.objc; path = UFKMLData.m; sourceTree = "<group>"; };
		A8BD2528195A1EFA00D9018D /* UFKMLObject.h */ = {isa = PBXFileReference; fileEncoding = 4; lastKnownFileType = sourcecode.c.h; path = UFKMLObject.h; sourceTree = "<group>"; };
		A8BD2529195A1EFA00D9018D /* UFKMLObject.m */ = {isa = PBXFileReference; fileEncoding = 4; lastKnownFileType = sourcecode.c.objc; path = UFKMLObject.m; sourceTree = "<group>"; };
		A8BD252B195A1FA300D9018D /* UFKMLParser.h */ = {isa = PBXFileReference; fileEncoding = 4; lastKnownFileType = sourcecode.c.h; path = UFKMLParser.h; sourceTree = "<group>"; };
		A8BD252C195A1FA300D9018D /* UFKMLParser.m */ = {isa = PBXFileReference; fileEncoding = 4; lastKnownFileType = sourcecode.c.objc; path = UFKMLParser.m; sourceTree = "<group>"; };
		A8BE089F195B34EA00D321B2 /* allDecal.kml */ = {isa = PBXFileReference; fileEncoding = 4; lastKnownFileType = text; name = allDecal.kml; path = ../../KMLs/allDecal.kml; sourceTree = "<group>"; };
		A8BE08A0195B34EA00D321B2 /* allNPR.kml */ = {isa = PBXFileReference; fileEncoding = 4; lastKnownFileType = text; name = allNPR.kml; path = ../../KMLs/allNPR.kml; sourceTree = "<group>"; };
		A8BE08A1195B34EA00D321B2 /* allRed.kml */ = {isa = PBXFileReference; fileEncoding = 4; lastKnownFileType = text; name = allRed.kml; path = ../../KMLs/allRed.kml; sourceTree = "<group>"; };
		A8BE08A2195B34EA00D321B2 /* blue.kml */ = {isa = PBXFileReference; fileEncoding = 4; lastKnownFileType = text; name = blue.kml; path = ../../KMLs/blue.kml; sourceTree = "<group>"; };
		A8BE08A3195B34EA00D321B2 /* commuter.kml */ = {isa = PBXFileReference; fileEncoding = 4; lastKnownFileType = text; name = commuter.kml; path = ../../KMLs/commuter.kml; sourceTree = "<group>"; };
		A8BE08A4195B34EA00D321B2 /* disabled.kml */ = {isa = PBXFileReference; fileEncoding = 4; lastKnownFileType = text; name = disabled.kml; path = ../../KMLs/disabled.kml; sourceTree = "<group>"; };
		A8BE08A5195B34EA00D321B2 /* gated.kml */ = {isa = PBXFileReference; fileEncoding = 4; lastKnownFileType = text; name = gated.kml; path = ../../KMLs/gated.kml; sourceTree = "<group>"; };
		A8BE08A6195B34EA00D321B2 /* medRes.kml */ = {isa = PBXFileReference; fileEncoding = 4; lastKnownFileType = text; name = medRes.kml; path = ../../KMLs/medRes.kml; sourceTree = "<group>"; };
		A8BE08A7195B34EA00D321B2 /* meters.kml */ = {isa = PBXFileReference; fileEncoding = 4; lastKnownFileType = text; name = meters.kml; path = ../../KMLs/meters.kml; sourceTree = "<group>"; };
		A8BE08A8195B34EA00D321B2 /* orange.kml */ = {isa = PBXFileReference; fileEncoding = 4; lastKnownFileType = text; name = orange.kml; path = ../../KMLs/orange.kml; sourceTree = "<group>"; };
		A8BE08A9195B34EB00D321B2 /* red1.kml */ = {isa = PBXFileReference; fileEncoding = 4; lastKnownFileType = text; name = red1.kml; path = ../../KMLs/red1.kml; sourceTree = "<group>"; };
		A8BE08AA195B34EB00D321B2 /* scooter.kml */ = {isa = PBXFileReference; fileEncoding = 4; lastKnownFileType = text; name = scooter.kml; path = ../../KMLs/scooter.kml; sourceTree = "<group>"; };
		A8BE08AB195B34EB00D321B2 /* sD.kml */ = {isa = PBXFileReference; fileEncoding = 4; lastKnownFileType = text; name = sD.kml; path = ../../KMLs/sD.kml; sourceTree = "<group>"; };
		A8BE08AC195B34EB00D321B2 /* state.kml */ = {isa = PBXFileReference; fileEncoding = 4; lastKnownFileType = text; name = state.kml; path = ../../KMLs/state.kml; sourceTree = "<group>"; };
		A8BE08AD195B34EB00D321B2 /* visitor.kml */ = {isa = PBXFileReference; fileEncoding = 4; lastKnownFileType = text; name = visitor.kml; path = ../../KMLs/visitor.kml; sourceTree = "<group>"; };
/* End PBXFileReference section */

/* Begin PBXFrameworksBuildPhase section */
		A8BD24E5195A1C5B00D9018D /* Frameworks */ = {
			isa = PBXFrameworksBuildPhase;
			buildActionMask = 2147483647;
			files = (
				A8BD2521195A1C9700D9018D /* MapKit.framework in Frameworks */,
				A8BD24EE195A1C5B00D9018D /* CoreGraphics.framework in Frameworks */,
				A8BD24F0195A1C5B00D9018D /* UIKit.framework in Frameworks */,
				A8BD24EC195A1C5B00D9018D /* Foundation.framework in Frameworks */,
			);
			runOnlyForDeploymentPostprocessing = 0;
		};
		A8BD2506195A1C5C00D9018D /* Frameworks */ = {
			isa = PBXFrameworksBuildPhase;
			buildActionMask = 2147483647;
			files = (
				A8BD250B195A1C5C00D9018D /* XCTest.framework in Frameworks */,
				A8BD250D195A1C5C00D9018D /* UIKit.framework in Frameworks */,
				A8BD250C195A1C5C00D9018D /* Foundation.framework in Frameworks */,
			);
			runOnlyForDeploymentPostprocessing = 0;
		};
/* End PBXFrameworksBuildPhase section */

/* Begin PBXGroup section */
		A8BD24DF195A1C5B00D9018D = {
			isa = PBXGroup;
			children = (
				A8BE089E195B34A000D321B2 /* Decals */,
				A8BD24F1195A1C5B00D9018D /* UF Parking */,
				A8BD2510195A1C5C00D9018D /* UF ParkingTests */,
				A8BD24EA195A1C5B00D9018D /* Frameworks */,
				A8BD24E9195A1C5B00D9018D /* Products */,
			);
			sourceTree = "<group>";
		};
		A8BD24E9195A1C5B00D9018D /* Products */ = {
			isa = PBXGroup;
			children = (
				A8BD24E8195A1C5B00D9018D /* UF Parking.app */,
				A8BD2509195A1C5C00D9018D /* UF ParkingTests.xctest */,
			);
			name = Products;
			sourceTree = "<group>";
		};
		A8BD24EA195A1C5B00D9018D /* Frameworks */ = {
			isa = PBXGroup;
			children = (
				A8BD2520195A1C9700D9018D /* MapKit.framework */,
				A8BD24EB195A1C5B00D9018D /* Foundation.framework */,
				A8BD24ED195A1C5B00D9018D /* CoreGraphics.framework */,
				A8BD24EF195A1C5B00D9018D /* UIKit.framework */,
				A8BD250A195A1C5C00D9018D /* XCTest.framework */,
			);
			name = Frameworks;
			sourceTree = "<group>";
		};
		A8BD24F1195A1C5B00D9018D /* UF Parking */ = {
			isa = PBXGroup;
			children = (
				A8BD24FA195A1C5B00D9018D /* UFAppDelegate.h */,
				A8BD24FB195A1C5B00D9018D /* UFAppDelegate.m */,
				A8BD24FD195A1C5B00D9018D /* Main.storyboard */,
				A8BD2522195A1DBC00D9018D /* UFDecalTableViewController.h */,
				A8BD2523195A1DBC00D9018D /* UFDecalTableViewController.m */,
				A8BD2500195A1C5B00D9018D /* UFViewController.h */,
				A8BD2501195A1C5B00D9018D /* UFViewController.m */,
				A8BD2525195A1E7200D9018D /* UFKMLData.h */,
				A8BD2526195A1E7200D9018D /* UFKMLData.m */,
				A8BD2528195A1EFA00D9018D /* UFKMLObject.h */,
				A8BD2529195A1EFA00D9018D /* UFKMLObject.m */,
				A8BD252B195A1FA300D9018D /* UFKMLParser.h */,
				A8BD252C195A1FA300D9018D /* UFKMLParser.m */,
				A8BD2503195A1C5B00D9018D /* Images.xcassets */,
				A8BD24F2195A1C5B00D9018D /* Supporting Files */,
			);
			path = "UF Parking";
			sourceTree = "<group>";
		};
		A8BD24F2195A1C5B00D9018D /* Supporting Files */ = {
			isa = PBXGroup;
			children = (
				A8BD24F3195A1C5B00D9018D /* UF Parking-Info.plist */,
				A8BD24F4195A1C5B00D9018D /* InfoPlist.strings */,
				A8BD24F7195A1C5B00D9018D /* main.m */,
				A8BD24F9195A1C5B00D9018D /* UF Parking-Prefix.pch */,
			);
			name = "Supporting Files";
			sourceTree = "<group>";
		};
		A8BD2510195A1C5C00D9018D /* UF ParkingTests */ = {
			isa = PBXGroup;
			children = (
				A8BD2516195A1C5C00D9018D /* UF_ParkingTests.m */,
				A8BD2511195A1C5C00D9018D /* Supporting Files */,
			);
			path = "UF ParkingTests";
			sourceTree = "<group>";
		};
		A8BD2511195A1C5C00D9018D /* Supporting Files */ = {
			isa = PBXGroup;
			children = (
				A8BD2512195A1C5C00D9018D /* UF ParkingTests-Info.plist */,
				A8BD2513195A1C5C00D9018D /* InfoPlist.strings */,
			);
			name = "Supporting Files";
			sourceTree = "<group>";
		};
		A8BE089E195B34A000D321B2 /* Decals */ = {
			isa = PBXGroup;
			children = (
				A8BE089F195B34EA00D321B2 /* allDecal.kml */,
				A8BE08A0195B34EA00D321B2 /* allNPR.kml */,
				A8BE08A1195B34EA00D321B2 /* allRed.kml */,
				A8BE08A2195B34EA00D321B2 /* blue.kml */,
				A8BE08A3195B34EA00D321B2 /* commuter.kml */,
				A8BE08A4195B34EA00D321B2 /* disabled.kml */,
				A8BE08A5195B34EA00D321B2 /* gated.kml */,
				A8BE08A6195B34EA00D321B2 /* medRes.kml */,
				A8BE08A7195B34EA00D321B2 /* meters.kml */,
				A8BE08A8195B34EA00D321B2 /* orange.kml */,
				A8BE08A9195B34EB00D321B2 /* red1.kml */,
				A8BE08AA195B34EB00D321B2 /* scooter.kml */,
				A8BE08AB195B34EB00D321B2 /* sD.kml */,
				A8BE08AC195B34EB00D321B2 /* state.kml */,
				A8BE08AD195B34EB00D321B2 /* visitor.kml */,
			);
			name = Decals;
			sourceTree = "<group>";
		};
/* End PBXGroup section */

/* Begin PBXNativeTarget section */
		A8BD24E7195A1C5B00D9018D /* UF Parking */ = {
			isa = PBXNativeTarget;
			buildConfigurationList = A8BD251A195A1C5C00D9018D /* Build configuration list for PBXNativeTarget "UF Parking" */;
			buildPhases = (
				A8BD24E4195A1C5B00D9018D /* Sources */,
				A8BD24E5195A1C5B00D9018D /* Frameworks */,
				A8BD24E6195A1C5B00D9018D /* Resources */,
			);
			buildRules = (
			);
			dependencies = (
			);
			name = "UF Parking";
			productName = "UF Parking";
			productReference = A8BD24E8195A1C5B00D9018D /* UF Parking.app */;
			productType = "com.apple.product-type.application";
		};
		A8BD2508195A1C5C00D9018D /* UF ParkingTests */ = {
			isa = PBXNativeTarget;
			buildConfigurationList = A8BD251D195A1C5C00D9018D /* Build configuration list for PBXNativeTarget "UF ParkingTests" */;
			buildPhases = (
				A8BD2505195A1C5C00D9018D /* Sources */,
				A8BD2506195A1C5C00D9018D /* Frameworks */,
				A8BD2507195A1C5C00D9018D /* Resources */,
			);
			buildRules = (
			);
			dependencies = (
				A8BD250F195A1C5C00D9018D /* PBXTargetDependency */,
			);
			name = "UF ParkingTests";
			productName = "UF ParkingTests";
			productReference = A8BD2509195A1C5C00D9018D /* UF ParkingTests.xctest */;
			productType = "com.apple.product-type.bundle.unit-test";
		};
/* End PBXNativeTarget section */

/* Begin PBXProject section */
		A8BD24E0195A1C5B00D9018D /* Project object */ = {
			isa = PBXProject;
			attributes = {
				CLASSPREFIX = UF;
				LastUpgradeCheck = 0510;
				ORGANIZATIONNAME = "University of Florida";
				TargetAttributes = {
					A8BD24E7195A1C5B00D9018D = {
						DevelopmentTeam = 8S5N9N3559;
					};
					A8BD2508195A1C5C00D9018D = {
						TestTargetID = A8BD24E7195A1C5B00D9018D;
					};
				};
			};
			buildConfigurationList = A8BD24E3195A1C5B00D9018D /* Build configuration list for PBXProject "UF Parking" */;
			compatibilityVersion = "Xcode 3.2";
			developmentRegion = English;
			hasScannedForEncodings = 0;
			knownRegions = (
				en,
				Base,
			);
			mainGroup = A8BD24DF195A1C5B00D9018D;
			productRefGroup = A8BD24E9195A1C5B00D9018D /* Products */;
			projectDirPath = "";
			projectRoot = "";
			targets = (
				A8BD24E7195A1C5B00D9018D /* UF Parking */,
				A8BD2508195A1C5C00D9018D /* UF ParkingTests */,
			);
		};
/* End PBXProject section */

/* Begin PBXResourcesBuildPhase section */
		A8BD24E6195A1C5B00D9018D /* Resources */ = {
			isa = PBXResourcesBuildPhase;
			buildActionMask = 2147483647;
			files = (
				A8BE08B8195B34EB00D321B2 /* red1.kml in Resources */,
				A8BE08B0195B34EB00D321B2 /* allRed.kml in Resources */,
				A8BE08AE195B34EB00D321B2 /* allDecal.kml in Resources */,
				A8BE08B4195B34EB00D321B2 /* gated.kml in Resources */,
				A8BE08B2195B34EB00D321B2 /* commuter.kml in Resources */,
				A8BE08BB195B34EB00D321B2 /* state.kml in Resources */,
				A8BE08B9195B34EB00D321B2 /* scooter.kml in Resources */,
				A8BE08B6195B34EB00D321B2 /* meters.kml in Resources */,
				A8BD2504195A1C5B00D9018D /* Images.xcassets in Resources */,
				A8BE08B3195B34EB00D321B2 /* disabled.kml in Resources */,
				A8BE08B5195B34EB00D321B2 /* medRes.kml in Resources */,
				A8BE08B1195B34EB00D321B2 /* blue.kml in Resources */,
				A8BD24F6195A1C5B00D9018D /* InfoPlist.strings in Resources */,
				A8BD24FF195A1C5B00D9018D /* Main.storyboard in Resources */,
				A8BE08B7195B34EB00D321B2 /* orange.kml in Resources */,
				A8BE08AF195B34EB00D321B2 /* allNPR.kml in Resources */,
				A8BE08BA195B34EB00D321B2 /* sD.kml in Resources */,
				A8BE08BC195B34EB00D321B2 /* visitor.kml in Resources */,
			);
			runOnlyForDeploymentPostprocessing = 0;
		};
		A8BD2507195A1C5C00D9018D /* Resources */ = {
			isa = PBXResourcesBuildPhase;
			buildActionMask = 2147483647;
			files = (
				A8BD2515195A1C5C00D9018D /* InfoPlist.strings in Resources */,
			);
			runOnlyForDeploymentPostprocessing = 0;
		};
/* End PBXResourcesBuildPhase section */

/* Begin PBXSourcesBuildPhase section */
		A8BD24E4195A1C5B00D9018D /* Sources */ = {
			isa = PBXSourcesBuildPhase;
			buildActionMask = 2147483647;
			files = (
				A8BD24F8195A1C5B00D9018D /* main.m in Sources */,
				A8BD24FC195A1C5B00D9018D /* UFAppDelegate.m in Sources */,
				A8BD252D195A1FA300D9018D /* UFKMLParser.m in Sources */,
				A8BD2524195A1DBC00D9018D /* UFDecalTableViewController.m in Sources */,
				A8BD2527195A1E7200D9018D /* UFKMLData.m in Sources */,
				A8BD252A195A1EFA00D9018D /* UFKMLObject.m in Sources */,
				A8BD2502195A1C5B00D9018D /* UFViewController.m in Sources */,
			);
			runOnlyForDeploymentPostprocessing = 0;
		};
		A8BD2505195A1C5C00D9018D /* Sources */ = {
			isa = PBXSourcesBuildPhase;
			buildActionMask = 2147483647;
			files = (
				A8BD2517195A1C5C00D9018D /* UF_ParkingTests.m in Sources */,
			);
			runOnlyForDeploymentPostprocessing = 0;
		};
/* End PBXSourcesBuildPhase section */

/* Begin PBXTargetDependency section */
		A8BD250F195A1C5C00D9018D /* PBXTargetDependency */ = {
			isa = PBXTargetDependency;
			target = A8BD24E7195A1C5B00D9018D /* UF Parking */;
			targetProxy = A8BD250E195A1C5C00D9018D /* PBXContainerItemProxy */;
		};
/* End PBXTargetDependency section */

/* Begin PBXVariantGroup section */
		A8BD24F4195A1C5B00D9018D /* InfoPlist.strings */ = {
			isa = PBXVariantGroup;
			children = (
				A8BD24F5195A1C5B00D9018D /* en */,
			);
			name = InfoPlist.strings;
			sourceTree = "<group>";
		};
		A8BD24FD195A1C5B00D9018D /* Main.storyboard */ = {
			isa = PBXVariantGroup;
			children = (
				A8BD24FE195A1C5B00D9018D /* Base */,
			);
			name = Main.storyboard;
			sourceTree = "<group>";
		};
		A8BD2513195A1C5C00D9018D /* InfoPlist.strings */ = {
			isa = PBXVariantGroup;
			children = (
				A8BD2514195A1C5C00D9018D /* en */,
			);
			name = InfoPlist.strings;
			sourceTree = "<group>";
		};
/* End PBXVariantGroup section */

/* Begin XCBuildConfiguration section */
		A8BD2518195A1C5C00D9018D /* Debug */ = {
			isa = XCBuildConfiguration;
			buildSettings = {
				ALWAYS_SEARCH_USER_PATHS = NO;
				CLANG_CXX_LANGUAGE_STANDARD = "gnu++0x";
				CLANG_CXX_LIBRARY = "libc++";
				CLANG_ENABLE_MODULES = YES;
				CLANG_ENABLE_OBJC_ARC = YES;
				CLANG_WARN_BOOL_CONVERSION = YES;
				CLANG_WARN_CONSTANT_CONVERSION = YES;
				CLANG_WARN_DIRECT_OBJC_ISA_USAGE = YES_ERROR;
				CLANG_WARN_EMPTY_BODY = YES;
				CLANG_WARN_ENUM_CONVERSION = YES;
				CLANG_WARN_INT_CONVERSION = YES;
				CLANG_WARN_OBJC_ROOT_CLASS = YES_ERROR;
				CLANG_WARN__DUPLICATE_METHOD_MATCH = YES;
				"CODE_SIGN_IDENTITY[sdk=iphoneos*]" = "iPhone Developer";
				COPY_PHASE_STRIP = NO;
				GCC_C_LANGUAGE_STANDARD = gnu99;
				GCC_DYNAMIC_NO_PIC = NO;
				GCC_OPTIMIZATION_LEVEL = 0;
				GCC_PREPROCESSOR_DEFINITIONS = (
					"DEBUG=1",
					"$(inherited)",
				);
				GCC_SYMBOLS_PRIVATE_EXTERN = NO;
				GCC_WARN_64_TO_32_BIT_CONVERSION = YES;
				GCC_WARN_ABOUT_RETURN_TYPE = YES_ERROR;
				GCC_WARN_UNDECLARED_SELECTOR = YES;
				GCC_WARN_UNINITIALIZED_AUTOS = YES_AGGRESSIVE;
				GCC_WARN_UNUSED_FUNCTION = YES;
				GCC_WARN_UNUSED_VARIABLE = YES;
				IPHONEOS_DEPLOYMENT_TARGET = 7.0;
				ONLY_ACTIVE_ARCH = YES;
				SDKROOT = iphoneos;
			};
			name = Debug;
		};
		A8BD2519195A1C5C00D9018D /* Release */ = {
			isa = XCBuildConfiguration;
			buildSettings = {
				ALWAYS_SEARCH_USER_PATHS = NO;
				CLANG_CXX_LANGUAGE_STANDARD = "gnu++0x";
				CLANG_CXX_LIBRARY = "libc++";
				CLANG_ENABLE_MODULES = YES;
				CLANG_ENABLE_OBJC_ARC = YES;
				CLANG_WARN_BOOL_CONVERSION = YES;
				CLANG_WARN_CONSTANT_CONVERSION = YES;
				CLANG_WARN_DIRECT_OBJC_ISA_USAGE = YES_ERROR;
				CLANG_WARN_EMPTY_BODY = YES;
				CLANG_WARN_ENUM_CONVERSION = YES;
				CLANG_WARN_INT_CONVERSION = YES;
				CLANG_WARN_OBJC_ROOT_CLASS = YES_ERROR;
				CLANG_WARN__DUPLICATE_METHOD_MATCH = YES;
				"CODE_SIGN_IDENTITY[sdk=iphoneos*]" = "iPhone Developer";
				COPY_PHASE_STRIP = YES;
				ENABLE_NS_ASSERTIONS = NO;
				GCC_C_LANGUAGE_STANDARD = gnu99;
				GCC_WARN_64_TO_32_BIT_CONVERSION = YES;
				GCC_WARN_ABOUT_RETURN_TYPE = YES_ERROR;
				GCC_WARN_UNDECLARED_SELECTOR = YES;
				GCC_WARN_UNINITIALIZED_AUTOS = YES_AGGRESSIVE;
				GCC_WARN_UNUSED_FUNCTION = YES;
				GCC_WARN_UNUSED_VARIABLE = YES;
				IPHONEOS_DEPLOYMENT_TARGET = 7.0;
				SDKROOT = iphoneos;
				VALIDATE_PRODUCT = YES;
			};
			name = Release;
		};
		A8BD251B195A1C5C00D9018D /* Debug */ = {
			isa = XCBuildConfiguration;
			buildSettings = {
				ASSETCATALOG_COMPILER_APPICON_NAME = AppIcon;
				ASSETCATALOG_COMPILER_LAUNCHIMAGE_NAME = LaunchImage;
				CODE_SIGN_IDENTITY = "iPhone Developer";
				GCC_PRECOMPILE_PREFIX_HEADER = YES;
				GCC_PREFIX_HEADER = "UF Parking/UF Parking-Prefix.pch";
				INFOPLIST_FILE = "UF Parking/UF Parking-Info.plist";
				IPHONEOS_DEPLOYMENT_TARGET = 7.0;
				PRODUCT_NAME = "$(TARGET_NAME)";
				WRAPPER_EXTENSION = app;
			};
			name = Debug;
		};
		A8BD251C195A1C5C00D9018D /* Release */ = {
			isa = XCBuildConfiguration;
			buildSettings = {
				ASSETCATALOG_COMPILER_APPICON_NAME = AppIcon;
				ASSETCATALOG_COMPILER_LAUNCHIMAGE_NAME = LaunchImage;
				CODE_SIGN_IDENTITY = "iPhone Developer";
				GCC_PRECOMPILE_PREFIX_HEADER = YES;
				GCC_PREFIX_HEADER = "UF Parking/UF Parking-Prefix.pch";
				INFOPLIST_FILE = "UF Parking/UF Parking-Info.plist";
				IPHONEOS_DEPLOYMENT_TARGET = 7.0;
				PRODUCT_NAME = "$(TARGET_NAME)";
				WRAPPER_EXTENSION = app;
			};
			name = Release;
		};
		A8BD251E195A1C5C00D9018D /* Debug */ = {
			isa = XCBuildConfiguration;
			buildSettings = {
				BUNDLE_LOADER = "$(BUILT_PRODUCTS_DIR)/UF Parking.app/UF Parking";
				FRAMEWORK_SEARCH_PATHS = (
					"$(SDKROOT)/Developer/Library/Frameworks",
					"$(inherited)",
					"$(DEVELOPER_FRAMEWORKS_DIR)",
				);
				GCC_PRECOMPILE_PREFIX_HEADER = YES;
				GCC_PREFIX_HEADER = "UF Parking/UF Parking-Prefix.pch";
				GCC_PREPROCESSOR_DEFINITIONS = (
					"DEBUG=1",
					"$(inherited)",
				);
				INFOPLIST_FILE = "UF ParkingTests/UF ParkingTests-Info.plist";
				PRODUCT_NAME = "$(TARGET_NAME)";
				TEST_HOST = "$(BUNDLE_LOADER)";
				WRAPPER_EXTENSION = xctest;
			};
			name = Debug;
		};
		A8BD251F195A1C5C00D9018D /* Release */ = {
			isa = XCBuildConfiguration;
			buildSettings = {
				BUNDLE_LOADER = "$(BUILT_PRODUCTS_DIR)/UF Parking.app/UF Parking";
				FRAMEWORK_SEARCH_PATHS = (
					"$(SDKROOT)/Developer/Library/Frameworks",
					"$(inherited)",
					"$(DEVELOPER_FRAMEWORKS_DIR)",
				);
				GCC_PRECOMPILE_PREFIX_HEADER = YES;
				GCC_PREFIX_HEADER = "UF Parking/UF Parking-Prefix.pch";
				INFOPLIST_FILE = "UF ParkingTests/UF ParkingTests-Info.plist";
				PRODUCT_NAME = "$(TARGET_NAME)";
				TEST_HOST = "$(BUNDLE_LOADER)";
				WRAPPER_EXTENSION = xctest;
			};
			name = Release;
		};
/* End XCBuildConfiguration section */

/* Begin XCConfigurationList section */
		A8BD24E3195A1C5B00D9018D /* Build configuration list for PBXProject "UF Parking" */ = {
			isa = XCConfigurationList;
			buildConfigurations = (
				A8BD2518195A1C5C00D9018D /* Debug */,
				A8BD2519195A1C5C00D9018D /* Release */,
			);
			defaultConfigurationIsVisible = 0;
			defaultConfigurationName = Release;
		};
		A8BD251A195A1C5C00D9018D /* Build configuration list for PBXNativeTarget "UF Parking" */ = {
			isa = XCConfigurationList;
			buildConfigurations = (
				A8BD251B195A1C5C00D9018D /* Debug */,
				A8BD251C195A1C5C00D9018D /* Release */,
			);
			defaultConfigurationIsVisible = 0;
			defaultConfigurationName = Release;
		};
		A8BD251D195A1C5C00D9018D /* Build configuration list for PBXNativeTarget "UF ParkingTests" */ = {
			isa = XCConfigurationList;
			buildConfigurations = (
				A8BD251E195A1C5C00D9018D /* Debug */,
				A8BD251F195A1C5C00D9018D /* Release */,
			);
			defaultConfigurationIsVisible = 0;
			defaultConfigurationName = Release;
		};
/* End XCConfigurationList section */
	};
	rootObject = A8BD24E0195A1C5B00D9018D /* Project object */;
}
